// !$*UTF8*$!
{
	archiveVersion = 1;
	classes = {
	};
	objectVersion = 50;
	objects = {

/* Begin PBXBuildFile section */
		3D79E324256B616D0049D4E5 /* Main.storyboard in Resources */ = {isa = PBXBuildFile; fileRef = 3D79E322256B616D0049D4E5 /* Main.storyboard */; };
		3D79E326256B61990049D4E5 /* ViewController.swift in Sources */ = {isa = PBXBuildFile; fileRef = 3D79E325256B61990049D4E5 /* ViewController.swift */; };
		3D79E32A256B61E20049D4E5 /* CeldaAlbumesController.swift in Sources */ = {isa = PBXBuildFile; fileRef = 3D79E329256B61E20049D4E5 /* CeldaAlbumesController.swift */; };
		3D79E32C256B61EC0049D4E5 /* DetallesAlbumesController.swift in Sources */ = {isa = PBXBuildFile; fileRef = 3D79E32B256B61EC0049D4E5 /* DetallesAlbumesController.swift */; };
		3D79E330256B63680049D4E5 /* Album.swift in Sources */ = {isa = PBXBuildFile; fileRef = 3D79E32F256B63680049D4E5 /* Album.swift */; };
		3D79E336256B92000049D4E5 /* ArtistasViewController.swift in Sources */ = {isa = PBXBuildFile; fileRef = 3D79E335256B92000049D4E5 /* ArtistasViewController.swift */; };
		3D79E338256B92110049D4E5 /* Artista.swift in Sources */ = {isa = PBXBuildFile; fileRef = 3D79E337256B92110049D4E5 /* Artista.swift */; };
		3D79E33A256B9A3F0049D4E5 /* CeldaArtistasController.swift in Sources */ = {isa = PBXBuildFile; fileRef = 3D79E339256B9A3F0049D4E5 /* CeldaArtistasController.swift */; };
		3D79E33C256B9A5E0049D4E5 /* DetallesArtistasController.swift in Sources */ = {isa = PBXBuildFile; fileRef = 3D79E33B256B9A5E0049D4E5 /* DetallesArtistasController.swift */; };
		3DE3C8132572E9610050C12A /* FrontPageNeue.otf in Resources */ = {isa = PBXBuildFile; fileRef = 3DE3C8102572E95C0050C12A /* FrontPageNeue.otf */; };
		3DE3C8142572E9610050C12A /* BebasNeue-Regular.otf in Resources */ = {isa = PBXBuildFile; fileRef = 3DE3C8112572E95E0050C12A /* BebasNeue-Regular.otf */; };
		3DE3C8152572E9610050C12A /* coolvetica.ttf in Resources */ = {isa = PBXBuildFile; fileRef = 3DE3C8122572E95F0050C12A /* coolvetica.ttf */; };
		3DEAB1EC256B5DC70040D149 /* AppDelegate.swift in Sources */ = {isa = PBXBuildFile; fileRef = 3DEAB1EB256B5DC70040D149 /* AppDelegate.swift */; };
		3DEAB1F3256B5DFC0040D149 /* Assets.xcassets in Resources */ = {isa = PBXBuildFile; fileRef = 3DEAB1F2256B5DFC0040D149 /* Assets.xcassets */; };
		3DEAB1F6256B5DFC0040D149 /* LaunchScreen.storyboard in Resources */ = {isa = PBXBuildFile; fileRef = 3DEAB1F4256B5DFC0040D149 /* LaunchScreen.storyboard */; };
/* End PBXBuildFile section */

/* Begin PBXFileReference section */
		3D79E323256B616D0049D4E5 /* Base */ = {isa = PBXFileReference; lastKnownFileType = file.storyboard; name = Base; path = "../../PDS/ProyectoSemestralMiguelRubén/ProyectoSemestralMiguelRubén/Base.lproj/Main.storyboard"; sourceTree = "<group>"; };
		3D79E325256B61990049D4E5 /* ViewController.swift */ = {isa = PBXFileReference; fileEncoding = 4; lastKnownFileType = sourcecode.swift; name = ViewController.swift; path = "../../PDS/ProyectoSemestralMiguelRubén/ProyectoSemestralMiguelRubén/ViewController.swift"; sourceTree = "<group>"; };
		3D79E329256B61E20049D4E5 /* CeldaAlbumesController.swift */ = {isa = PBXFileReference; fileEncoding = 4; lastKnownFileType = sourcecode.swift; name = CeldaAlbumesController.swift; path = "../../PDS/ProyectoSemestralMiguelRubén/ProyectoSemestralMiguelRubén/CeldaAlbumesController.swift"; sourceTree = "<group>"; };
		3D79E32B256B61EC0049D4E5 /* DetallesAlbumesController.swift */ = {isa = PBXFileReference; fileEncoding = 4; lastKnownFileType = sourcecode.swift; name = DetallesAlbumesController.swift; path = "../../PDS/ProyectoSemestralMiguelRubén/ProyectoSemestralMiguelRubén/DetallesAlbumesController.swift"; sourceTree = "<group>"; };
		3D79E32F256B63680049D4E5 /* Album.swift */ = {isa = PBXFileReference; lastKnownFileType = sourcecode.swift; path = Album.swift; sourceTree = "<group>"; };
		3D79E335256B92000049D4E5 /* ArtistasViewController.swift */ = {isa = PBXFileReference; lastKnownFileType = sourcecode.swift; path = ArtistasViewController.swift; sourceTree = "<group>"; };
		3D79E337256B92110049D4E5 /* Artista.swift */ = {isa = PBXFileReference; lastKnownFileType = sourcecode.swift; path = Artista.swift; sourceTree = "<group>"; };
		3D79E339256B9A3F0049D4E5 /* CeldaArtistasController.swift */ = {isa = PBXFileReference; lastKnownFileType = sourcecode.swift; path = CeldaArtistasController.swift; sourceTree = "<group>"; };
		3D79E33B256B9A5E0049D4E5 /* DetallesArtistasController.swift */ = {isa = PBXFileReference; lastKnownFileType = sourcecode.swift; path = DetallesArtistasController.swift; sourceTree = "<group>"; };
		3DE3C8102572E95C0050C12A /* FrontPageNeue.otf */ = {isa = PBXFileReference; lastKnownFileType = file; path = FrontPageNeue.otf; sourceTree = "<group>"; };
		3DE3C8112572E95E0050C12A /* BebasNeue-Regular.otf */ = {isa = PBXFileReference; lastKnownFileType = file; path = "BebasNeue-Regular.otf"; sourceTree = "<group>"; };
		3DE3C8122572E95F0050C12A /* coolvetica.ttf */ = {isa = PBXFileReference; lastKnownFileType = file; path = coolvetica.ttf; sourceTree = "<group>"; };
		3DEAB1E8256B5DC70040D149 /* ProyectoSemestralMiguelRuben.app */ = {isa = PBXFileReference; explicitFileType = wrapper.application; includeInIndex = 0; path = ProyectoSemestralMiguelRuben.app; sourceTree = BUILT_PRODUCTS_DIR; };
		3DEAB1EB256B5DC70040D149 /* AppDelegate.swift */ = {isa = PBXFileReference; lastKnownFileType = sourcecode.swift; path = AppDelegate.swift; sourceTree = "<group>"; };
		3DEAB1F2256B5DFC0040D149 /* Assets.xcassets */ = {isa = PBXFileReference; lastKnownFileType = folder.assetcatalog; path = Assets.xcassets; sourceTree = "<group>"; };
		3DEAB1F5256B5DFC0040D149 /* Base */ = {isa = PBXFileReference; lastKnownFileType = file.storyboard; name = Base; path = Base.lproj/LaunchScreen.storyboard; sourceTree = "<group>"; };
		3DEAB1F7256B5DFC0040D149 /* Info.plist */ = {isa = PBXFileReference; lastKnownFileType = text.plist.xml; path = Info.plist; sourceTree = "<group>"; };
/* End PBXFileReference section */

/* Begin PBXFrameworksBuildPhase section */
		3DEAB1E5256B5DC70040D149 /* Frameworks */ = {
			isa = PBXFrameworksBuildPhase;
			buildActionMask = 2147483647;
			files = (
			);
			runOnlyForDeploymentPostprocessing = 0;
		};
/* End PBXFrameworksBuildPhase section */

/* Begin PBXGroup section */
		3DEAB1DF256B5DC60040D149 = {
			isa = PBXGroup;
			children = (
				3DEAB1EA256B5DC70040D149 /* ProyectoSemestralMiguelRuben */,
				3DEAB1E9256B5DC70040D149 /* Products */,
			);
			sourceTree = "<group>";
		};
		3DEAB1E9256B5DC70040D149 /* Products */ = {
			isa = PBXGroup;
			children = (
				3DEAB1E8256B5DC70040D149 /* ProyectoSemestralMiguelRuben.app */,
			);
			name = Products;
			sourceTree = "<group>";
		};
		3DEAB1EA256B5DC70040D149 /* ProyectoSemestralMiguelRuben */ = {
			isa = PBXGroup;
			children = (
				3DE3C8112572E95E0050C12A /* BebasNeue-Regular.otf */,
				3DE3C8122572E95F0050C12A /* coolvetica.ttf */,
				3DE3C8102572E95C0050C12A /* FrontPageNeue.otf */,
				3D79E325256B61990049D4E5 /* ViewController.swift */,
				3D79E335256B92000049D4E5 /* ArtistasViewController.swift */,
				3D79E329256B61E20049D4E5 /* CeldaAlbumesController.swift */,
				3D79E339256B9A3F0049D4E5 /* CeldaArtistasController.swift */,
				3D79E32B256B61EC0049D4E5 /* DetallesAlbumesController.swift */,
				3D79E33B256B9A5E0049D4E5 /* DetallesArtistasController.swift */,
				3DEAB1EB256B5DC70040D149 /* AppDelegate.swift */,
				3DEAB1F2256B5DFC0040D149 /* Assets.xcassets */,
				3D79E322256B616D0049D4E5 /* Main.storyboard */,
				3DEAB1F4256B5DFC0040D149 /* LaunchScreen.storyboard */,
				3DEAB1F7256B5DFC0040D149 /* Info.plist */,
				3D79E32F256B63680049D4E5 /* Album.swift */,
				3D79E337256B92110049D4E5 /* Artista.swift */,
			);
			path = ProyectoSemestralMiguelRuben;
			sourceTree = "<group>";
		};
/* End PBXGroup section */

/* Begin PBXNativeTarget section */
		3DEAB1E7256B5DC70040D149 /* ProyectoSemestralMiguelRuben */ = {
			isa = PBXNativeTarget;
			buildConfigurationList = 3DEAB1FA256B5DFC0040D149 /* Build configuration list for PBXNativeTarget "ProyectoSemestralMiguelRuben" */;
			buildPhases = (
				3DEAB1E4256B5DC70040D149 /* Sources */,
				3DEAB1E5256B5DC70040D149 /* Frameworks */,
				3DEAB1E6256B5DC70040D149 /* Resources */,
			);
			buildRules = (
			);
			dependencies = (
			);
			name = ProyectoSemestralMiguelRuben;
			productName = ProyectoSemestralMiguelRuben;
			productReference = 3DEAB1E8256B5DC70040D149 /* ProyectoSemestralMiguelRuben.app */;
			productType = "com.apple.product-type.application";
		};
/* End PBXNativeTarget section */

/* Begin PBXProject section */
		3DEAB1E0256B5DC60040D149 /* Project object */ = {
			isa = PBXProject;
			attributes = {
				LastSwiftUpdateCheck = 0940;
				LastUpgradeCheck = 0940;
				ORGANIZATIONNAME = Alumno;
				TargetAttributes = {
					3DEAB1E7256B5DC70040D149 = {
						CreatedOnToolsVersion = 9.4.1;
					};
				};
			};
			buildConfigurationList = 3DEAB1E3256B5DC60040D149 /* Build configuration list for PBXProject "ProyectoSemestralMiguelRuben" */;
			compatibilityVersion = "Xcode 9.3";
			developmentRegion = en;
			hasScannedForEncodings = 0;
			knownRegions = (
				en,
				Base,
			);
			mainGroup = 3DEAB1DF256B5DC60040D149;
			productRefGroup = 3DEAB1E9256B5DC70040D149 /* Products */;
			projectDirPath = "";
			projectRoot = "";
			targets = (
				3DEAB1E7256B5DC70040D149 /* ProyectoSemestralMiguelRuben */,
			);
		};
/* End PBXProject section */

/* Begin PBXResourcesBuildPhase section */
		3DEAB1E6256B5DC70040D149 /* Resources */ = {
			isa = PBXResourcesBuildPhase;
			buildActionMask = 2147483647;
			files = (
				3DE3C8142572E9610050C12A /* BebasNeue-Regular.otf in Resources */,
				3DE3C8152572E9610050C12A /* coolvetica.ttf in Resources */,
				3D79E324256B616D0049D4E5 /* Main.storyboard in Resources */,
				3DEAB1F6256B5DFC0040D149 /* LaunchScreen.storyboard in Resources */,
				3DEAB1F3256B5DFC0040D149 /* Assets.xcassets in Resources */,
				3DE3C8132572E9610050C12A /* FrontPageNeue.otf in Resources */,
			);
			runOnlyForDeploymentPostprocessing = 0;
		};
/* End PBXResourcesBuildPhase section */

/* Begin PBXSourcesBuildPhase section */
		3DEAB1E4256B5DC70040D149 /* Sources */ = {
			isa = PBXSourcesBuildPhase;
			buildActionMask = 2147483647;
			files = (
				3D79E33A256B9A3F0049D4E5 /* CeldaArtistasController.swift in Sources */,
				3D79E33C256B9A5E0049D4E5 /* DetallesArtistasController.swift in Sources */,
				3D79E338256B92110049D4E5 /* Artista.swift in Sources */,
				3D79E326256B61990049D4E5 /* ViewController.swift in Sources */,
				3D79E32C256B61EC0049D4E5 /* DetallesAlbumesController.swift in Sources */,
				3D79E32A256B61E20049D4E5 /* CeldaAlbumesController.swift in Sources */,
				3DEAB1EC256B5DC70040D149 /* AppDelegate.swift in Sources */,
				3D79E330256B63680049D4E5 /* Album.swift in Sources */,
				3D79E336256B92000049D4E5 /* ArtistasViewController.swift in Sources */,
			);
			runOnlyForDeploymentPostprocessing = 0;
		};
/* End PBXSourcesBuildPhase section */

/* Begin PBXVariantGroup section */
		3D79E322256B616D0049D4E5 /* Main.storyboard */ = {
			isa = PBXVariantGroup;
			children = (
				3D79E323256B616D0049D4E5 /* Base */,
			);
			name = Main.storyboard;
			sourceTree = "<group>";
		};
		3DEAB1F4256B5DFC0040D149 /* LaunchScreen.storyboard */ = {
			isa = PBXVariantGroup;
			children = (
				3DEAB1F5256B5DFC0040D149 /* Base */,
			);
			name = LaunchScreen.storyboard;
			sourceTree = "<group>";
		};
/* End PBXVariantGroup section */

/* Begin XCBuildConfiguration section */
		3DEAB1F8256B5DFC0040D149 /* Debug */ = {
			isa = XCBuildConfiguration;
			buildSettings = {
				ALWAYS_SEARCH_USER_PATHS = NO;
				CLANG_ANALYZER_NONNULL = YES;
				CLANG_ANALYZER_NUMBER_OBJECT_CONVERSION = YES_AGGRESSIVE;
				CLANG_CXX_LANGUAGE_STANDARD = "gnu++14";
				CLANG_CXX_LIBRARY = "libc++";
				CLANG_ENABLE_MODULES = YES;
				CLANG_ENABLE_OBJC_ARC = YES;
				CLANG_ENABLE_OBJC_WEAK = YES;
				CLANG_WARN_BLOCK_CAPTURE_AUTORELEASING = YES;
				CLANG_WARN_BOOL_CONVERSION = YES;
				CLANG_WARN_COMMA = YES;
				CLANG_WARN_CONSTANT_CONVERSION = YES;
				CLANG_WARN_DEPRECATED_OBJC_IMPLEMENTATIONS = YES;
				CLANG_WARN_DIRECT_OBJC_ISA_USAGE = YES_ERROR;
				CLANG_WARN_DOCUMENTATION_COMMENTS = YES;
				CLANG_WARN_EMPTY_BODY = YES;
				CLANG_WARN_ENUM_CONVERSION = YES;
				CLANG_WARN_INFINITE_RECURSION = YES;
				CLANG_WARN_INT_CONVERSION = YES;
				CLANG_WARN_NON_LITERAL_NULL_CONVERSION = YES;
				CLANG_WARN_OBJC_IMPLICIT_RETAIN_SELF = YES;
				CLANG_WARN_OBJC_LITERAL_CONVERSION = YES;
				CLANG_WARN_OBJC_ROOT_CLASS = YES_ERROR;
				CLANG_WARN_RANGE_LOOP_ANALYSIS = YES;
				CLANG_WARN_STRICT_PROTOTYPES = YES;
				CLANG_WARN_SUSPICIOUS_MOVE = YES;
				CLANG_WARN_UNGUARDED_AVAILABILITY = YES_AGGRESSIVE;
				CLANG_WARN_UNREACHABLE_CODE = YES;
				CLANG_WARN__DUPLICATE_METHOD_MATCH = YES;
				CODE_SIGN_IDENTITY = "iPhone Developer";
				COPY_PHASE_STRIP = NO;
				DEBUG_INFORMATION_FORMAT = dwarf;
				ENABLE_STRICT_OBJC_MSGSEND = YES;
				ENABLE_TESTABILITY = YES;
				GCC_C_LANGUAGE_STANDARD = gnu11;
				GCC_DYNAMIC_NO_PIC = NO;
				GCC_NO_COMMON_BLOCKS = YES;
				GCC_OPTIMIZATION_LEVEL = 0;
				GCC_PREPROCESSOR_DEFINITIONS = (
					"DEBUG=1",
					"$(inherited)",
				);
				GCC_WARN_64_TO_32_BIT_CONVERSION = YES;
				GCC_WARN_ABOUT_RETURN_TYPE = YES_ERROR;
				GCC_WARN_UNDECLARED_SELECTOR = YES;
				GCC_WARN_UNINITIALIZED_AUTOS = YES_AGGRESSIVE;
				GCC_WARN_UNUSED_FUNCTION = YES;
				GCC_WARN_UNUSED_VARIABLE = YES;
				IPHONEOS_DEPLOYMENT_TARGET = 11.4;
				MTL_ENABLE_DEBUG_INFO = YES;
				ONLY_ACTIVE_ARCH = YES;
				SDKROOT = iphoneos;
				SWIFT_ACTIVE_COMPILATION_CONDITIONS = DEBUG;
				SWIFT_OPTIMIZATION_LEVEL = "-Onone";
			};
			name = Debug;
		};
		3DEAB1F9256B5DFC0040D149 /* Release */ = {
			isa = XCBuildConfiguration;
			buildSettings = {
				ALWAYS_SEARCH_USER_PATHS = NO;
				CLANG_ANALYZER_NONNULL = YES;
				CLANG_ANALYZER_NUMBER_OBJECT_CONVERSION = YES_AGGRESSIVE;
				CLANG_CXX_LANGUAGE_STANDARD = "gnu++14";
				CLANG_CXX_LIBRARY = "libc++";
				CLANG_ENABLE_MODULES = YES;
				CLANG_ENABLE_OBJC_ARC = YES;
				CLANG_ENABLE_OBJC_WEAK = YES;
				CLANG_WARN_BLOCK_CAPTURE_AUTORELEASING = YES;
				CLANG_WARN_BOOL_CONVERSION = YES;
				CLANG_WARN_COMMA = YES;
				CLANG_WARN_CONSTANT_CONVERSION = YES;
				CLANG_WARN_DEPRECATED_OBJC_IMPLEMENTATIONS = YES;
				CLANG_WARN_DIRECT_OBJC_ISA_USAGE = YES_ERROR;
				CLANG_WARN_DOCUMENTATION_COMMENTS = YES;
				CLANG_WARN_EMPTY_BODY = YES;
				CLANG_WARN_ENUM_CONVERSION = YES;
				CLANG_WARN_INFINITE_RECURSION = YES;
				CLANG_WARN_INT_CONVERSION = YES;
				CLANG_WARN_NON_LITERAL_NULL_CONVERSION = YES;
				CLANG_WARN_OBJC_IMPLICIT_RETAIN_SELF = YES;
				CLANG_WARN_OBJC_LITERAL_CONVERSION = YES;
				CLANG_WARN_OBJC_ROOT_CLASS = YES_ERROR;
				CLANG_WARN_RANGE_LOOP_ANALYSIS = YES;
				CLANG_WARN_STRICT_PROTOTYPES = YES;
				CLANG_WARN_SUSPICIOUS_MOVE = YES;
				CLANG_WARN_UNGUARDED_AVAILABILITY = YES_AGGRESSIVE;
				CLANG_WARN_UNREACHABLE_CODE = YES;
				CLANG_WARN__DUPLICATE_METHOD_MATCH = YES;
				CODE_SIGN_IDENTITY = "iPhone Developer";
				COPY_PHASE_STRIP = NO;
				DEBUG_INFORMATION_FORMAT = "dwarf-with-dsym";
				ENABLE_NS_ASSERTIONS = NO;
				ENABLE_STRICT_OBJC_MSGSEND = YES;
				GCC_C_LANGUAGE_STANDARD = gnu11;
				GCC_NO_COMMON_BLOCKS = YES;
				GCC_WARN_64_TO_32_BIT_CONVERSION = YES;
				GCC_WARN_ABOUT_RETURN_TYPE = YES_ERROR;
				GCC_WARN_UNDECLARED_SELECTOR = YES;
				GCC_WARN_UNINITIALIZED_AUTOS = YES_AGGRESSIVE;
				GCC_WARN_UNUSED_FUNCTION = YES;
				GCC_WARN_UNUSED_VARIABLE = YES;
				IPHONEOS_DEPLOYMENT_TARGET = 11.4;
				MTL_ENABLE_DEBUG_INFO = NO;
				SDKROOT = iphoneos;
				SWIFT_COMPILATION_MODE = wholemodule;
				SWIFT_OPTIMIZATION_LEVEL = "-O";
				VALIDATE_PRODUCT = YES;
			};
			name = Release;
		};
		3DEAB1FB256B5DFC0040D149 /* Debug */ = {
			isa = XCBuildConfiguration;
			buildSettings = {
				ASSETCATALOG_COMPILER_APPICON_NAME = AppIcon;
				CODE_SIGN_STYLE = Automatic;
				INFOPLIST_FILE = ProyectoSemestralMiguelRuben/Info.plist;
				LD_RUNPATH_SEARCH_PATHS = (
					"$(inherited)",
					"@executable_path/Frameworks",
				);
				PRODUCT_BUNDLE_IDENTIFIER = edu.ulsa.ProyectoSemestralMiguelRuben;
				PRODUCT_NAME = "$(TARGET_NAME)";
				SWIFT_VERSION = 4.0;
				TARGETED_DEVICE_FAMILY = "1,2";
			};
			name = Debug;
		};
		3DEAB1FC256B5DFC0040D149 /* Release */ = {
			isa = XCBuildConfiguration;
			buildSettings = {
				ASSETCATALOG_COMPILER_APPICON_NAME = AppIcon;
				CODE_SIGN_STYLE = Automatic;
				INFOPLIST_FILE = ProyectoSemestralMiguelRuben/Info.plist;
				LD_RUNPATH_SEARCH_PATHS = (
					"$(inherited)",
					"@executable_path/Frameworks",
				);
				PRODUCT_BUNDLE_IDENTIFIER = edu.ulsa.ProyectoSemestralMiguelRuben;
				PRODUCT_NAME = "$(TARGET_NAME)";
				SWIFT_VERSION = 4.0;
				TARGETED_DEVICE_FAMILY = "1,2";
			};
			name = Release;
		};
/* End XCBuildConfiguration section */

/* Begin XCConfigurationList section */
		3DEAB1E3256B5DC60040D149 /* Build configuration list for PBXProject "ProyectoSemestralMiguelRuben" */ = {
			isa = XCConfigurationList;
			buildConfigurations = (
				3DEAB1F8256B5DFC0040D149 /* Debug */,
				3DEAB1F9256B5DFC0040D149 /* Release */,
			);
			defaultConfigurationIsVisible = 0;
			defaultConfigurationName = Release;
		};
		3DEAB1FA256B5DFC0040D149 /* Build configuration list for PBXNativeTarget "ProyectoSemestralMiguelRuben" */ = {
			isa = XCConfigurationList;
			buildConfigurations = (
				3DEAB1FB256B5DFC0040D149 /* Debug */,
				3DEAB1FC256B5DFC0040D149 /* Release */,
			);
			defaultConfigurationIsVisible = 0;
			defaultConfigurationName = Release;
		};
/* End XCConfigurationList section */
	};
	rootObject = 3DEAB1E0256B5DC60040D149 /* Project object */;
}
